
Microsoft Visual Studio Solution File, Format Version 12.00
# Visual Studio 15
VisualStudioVersion = 15.0.27130.2036
MinimumVisualStudioVersion = 10.0.40219.1
Project("{FAE04EC0-301F-11D3-BF4B-00C04F79EFBC}") = "VidlyMVC5", "VidlyMVC5\VidlyMVC5.csproj", "{C005CDEF-69B5-45C7-B18A-909D95703A76}"
EndProject
Global
	GlobalSection(SolutionConfigurationPlatforms) = preSolution
		Debug|Any CPU = Debug|Any CPU
		Release|Any CPU = Release|Any CPU
	EndGlobalSection
	GlobalSection(ProjectConfigurationPlatforms) = postSolution
		{C005CDEF-69B5-45C7-B18A-909D95703A76}.Debug|Any CPU.ActiveCfg = Debug|Any CPU
		{C005CDEF-69B5-45C7-B18A-909D95703A76}.Debug|Any CPU.Build.0 = Debug|Any CPU
		{C005CDEF-69B5-45C7-B18A-909D95703A76}.Release|Any CPU.ActiveCfg = Release|Any CPU
		{C005CDEF-69B5-45C7-B18A-909D95703A76}.Release|Any CPU.Build.0 = Release|Any CPU
	EndGlobalSection
	GlobalSection(SolutionProperties) = preSolution
		HideSolutionNode = FALSE
	EndGlobalSection
	GlobalSection(ExtensibilityGlobals) = postSolution
		SolutionGuid = {F5CB883F-3A8F-4457-BF05-537873307AE6}
	EndGlobalSection
EndGlobal
